
Microsoft Visual Studio Solution File, Format Version 12.00
# Visual Studio Version 16
VisualStudioVersion = 16.0.30517.126
MinimumVisualStudioVersion = 10.0.40219.1
Project("{FAE04EC0-301F-11D3-BF4B-00C04F79EFBC}") = "DataPreparation", "DataPreparation\DataPreparation.csproj", "{7A7ECB1A-A2E0-48FD-A4E7-7853C13F006D}"
EndProject
Global
	GlobalSection(SolutionConfigurationPlatforms) = preSolution
		Debug|Any CPU = Debug|Any CPU
		Release|Any CPU = Release|Any CPU
	EndGlobalSection
	GlobalSection(ProjectConfigurationPlatforms) = postSolution
		{7A7ECB1A-A2E0-48FD-A4E7-7853C13F006D}.Debug|Any CPU.ActiveCfg = Debug|Any CPU
		{7A7ECB1A-A2E0-48FD-A4E7-7853C13F006D}.Debug|Any CPU.Build.0 = Debug|Any CPU
		{7A7ECB1A-A2E0-48FD-A4E7-7853C13F006D}.Release|Any CPU.ActiveCfg = Release|Any CPU
		{7A7ECB1A-A2E0-48FD-A4E7-7853C13F006D}.Release|Any CPU.Build.0 = Release|Any CPU
	EndGlobalSection
	GlobalSection(SolutionProperties) = preSolution
		HideSolutionNode = FALSE
	EndGlobalSection
	GlobalSection(ExtensibilityGlobals) = postSolution
		SolutionGuid = {C79B85FA-6EA8-413E-995D-E7B7695A41F7}
	EndGlobalSection
EndGlobal
